
Microsoft Visual Studio Solution File, Format Version 12.00
# Visual Studio Version 17
VisualStudioVersion = 17.14.37012.4 d17.14
MinimumVisualStudioVersion = 10.0.40219.1
Project("{FAE04EC0-301F-11D3-BF4B-00C04F79EFBC}") = "EmailSend", "EmailSend\EmailSend.csproj", "{3B60E1B2-9A86-4B5E-B380-2ED818D1C692}"
EndProject
Global
	GlobalSection(SolutionConfigurationPlatforms) = preSolution
		Debug|Any CPU = Debug|Any CPU
		Release|Any CPU = Release|Any CPU
	EndGlobalSection
	GlobalSection(ProjectConfigurationPlatforms) = postSolution
		{3B60E1B2-9A86-4B5E-B380-2ED818D1C692}.Debug|Any CPU.ActiveCfg = Debug|Any CPU
		{3B60E1B2-9A86-4B5E-B380-2ED818D1C692}.Debug|Any CPU.Build.0 = Debug|Any CPU
		{3B60E1B2-9A86-4B5E-B380-2ED818D1C692}.Release|Any CPU.ActiveCfg = Release|Any CPU
		{3B60E1B2-9A86-4B5E-B380-2ED818D1C692}.Release|Any CPU.Build.0 = Release|Any CPU
	EndGlobalSection
	GlobalSection(SolutionProperties) = preSolution
		HideSolutionNode = FALSE
	EndGlobalSection
	GlobalSection(ExtensibilityGlobals) = postSolution
		SolutionGuid = {F037155C-6FAB-4C59-A53A-CA39F072DED6}
	EndGlobalSection
EndGlobal
